
Microsoft Visual Studio Solution File, Format Version 12.00
# Visual Studio Version 17
VisualStudioVersion = 17.12.35707.178
MinimumVisualStudioVersion = 10.0.40219.1
Project("{FAE04EC0-301F-11D3-BF4B-00C04F79EFBC}") = "API", "API\API.csproj", "{0B98868A-9EA4-4885-848C-09207D3EC9CA}"
EndProject
Project("{FAE04EC0-301F-11D3-BF4B-00C04F79EFBC}") = "Contract", "Contract\Contract.csproj", "{5DEAF898-641C-4C59-8B57-B45B2ADC1A27}"
EndProject
Project("{FAE04EC0-301F-11D3-BF4B-00C04F79EFBC}") = "Data", "Data\Data.csproj", "{A436092E-B700-41FE-A5C3-C441F3878B1E}"
EndProject
Project("{FAE04EC0-301F-11D3-BF4B-00C04F79EFBC}") = "Services", "Services\Services.csproj", "{B9AF9C55-C75D-4731-9930-02B2F824429B}"
EndProject
Project("{FAE04EC0-301F-11D3-BF4B-00C04F79EFBC}") = "Tests", "Tests\Tests.csproj", "{8171C6EE-18D2-434F-95B8-EDBB1C873953}"
EndProject
Global
	GlobalSection(SolutionConfigurationPlatforms) = preSolution
		Debug|Any CPU = Debug|Any CPU
		Release|Any CPU = Release|Any CPU
	EndGlobalSection
	GlobalSection(ProjectConfigurationPlatforms) = postSolution
		{0B98868A-9EA4-4885-848C-09207D3EC9CA}.Debug|Any CPU.ActiveCfg = Debug|Any CPU
		{0B98868A-9EA4-4885-848C-09207D3EC9CA}.Debug|Any CPU.Build.0 = Debug|Any CPU
		{0B98868A-9EA4-4885-848C-09207D3EC9CA}.Release|Any CPU.ActiveCfg = Release|Any CPU
		{0B98868A-9EA4-4885-848C-09207D3EC9CA}.Release|Any CPU.Build.0 = Release|Any CPU
		{5DEAF898-641C-4C59-8B57-B45B2ADC1A27}.Debug|Any CPU.ActiveCfg = Debug|Any CPU
		{5DEAF898-641C-4C59-8B57-B45B2ADC1A27}.Debug|Any CPU.Build.0 = Debug|Any CPU
		{5DEAF898-641C-4C59-8B57-B45B2ADC1A27}.Release|Any CPU.ActiveCfg = Release|Any CPU
		{5DEAF898-641C-4C59-8B57-B45B2ADC1A27}.Release|Any CPU.Build.0 = Release|Any CPU
		{A436092E-B700-41FE-A5C3-C441F3878B1E}.Debug|Any CPU.ActiveCfg = Debug|Any CPU
		{A436092E-B700-41FE-A5C3-C441F3878B1E}.Debug|Any CPU.Build.0 = Debug|Any CPU
		{A436092E-B700-41FE-A5C3-C441F3878B1E}.Release|Any CPU.ActiveCfg = Release|Any CPU
		{A436092E-B700-41FE-A5C3-C441F3878B1E}.Release|Any CPU.Build.0 = Release|Any CPU
		{B9AF9C55-C75D-4731-9930-02B2F824429B}.Debug|Any CPU.ActiveCfg = Debug|Any CPU
		{B9AF9C55-C75D-4731-9930-02B2F824429B}.Debug|Any CPU.Build.0 = Debug|Any CPU
		{B9AF9C55-C75D-4731-9930-02B2F824429B}.Release|Any CPU.ActiveCfg = Release|Any CPU
		{B9AF9C55-C75D-4731-9930-02B2F824429B}.Release|Any CPU.Build.0 = Release|Any CPU
		{8171C6EE-18D2-434F-95B8-EDBB1C873953}.Debug|Any CPU.ActiveCfg = Debug|Any CPU
		{8171C6EE-18D2-434F-95B8-EDBB1C873953}.Debug|Any CPU.Build.0 = Debug|Any CPU
		{8171C6EE-18D2-434F-95B8-EDBB1C873953}.Release|Any CPU.ActiveCfg = Release|Any CPU
		{8171C6EE-18D2-434F-95B8-EDBB1C873953}.Release|Any CPU.Build.0 = Release|Any CPU
	EndGlobalSection
	GlobalSection(SolutionProperties) = preSolution
		HideSolutionNode = FALSE
	EndGlobalSection
EndGlobal
